
Microsoft Visual Studio Solution File, Format Version 12.00
# Visual Studio 15
VisualStudioVersion = 15.0.25722.2
MinimumVisualStudioVersion = 10.0.40219.1
Project("{FAE04EC0-301F-11D3-BF4B-00C04F79EFBC}") = "RegularExpressionAnalyzer", "RegularExpressionAnalyzer\RegularExpressionAnalyzer.csproj", "{CEBFFD77-1605-44AE-B06C-269F06C42D9A}"
EndProject
Project("{FAE04EC0-301F-11D3-BF4B-00C04F79EFBC}") = "RegularExpressionAnalyzer.Test", "RegularExpressionAnalyzer.Test\RegularExpressionAnalyzer.Test.csproj", "{31FFC3FF-B963-4652-9110-361421799425}"
EndProject
Project("{FAE04EC0-301F-11D3-BF4B-00C04F79EFBC}") = "RegularExpressionAnalyzer.Vsix", "RegularExpressionAnalyzer.Vsix\RegularExpressionAnalyzer.Vsix.csproj", "{F904122A-4010-47BC-BCCF-7D59C0D9E205}"
EndProject
Global
	GlobalSection(SolutionConfigurationPlatforms) = preSolution
		Debug|Any CPU = Debug|Any CPU
		Release|Any CPU = Release|Any CPU
	EndGlobalSection
	GlobalSection(ProjectConfigurationPlatforms) = postSolution
		{CEBFFD77-1605-44AE-B06C-269F06C42D9A}.Debug|Any CPU.ActiveCfg = Debug|Any CPU
		{CEBFFD77-1605-44AE-B06C-269F06C42D9A}.Debug|Any CPU.Build.0 = Debug|Any CPU
		{CEBFFD77-1605-44AE-B06C-269F06C42D9A}.Release|Any CPU.ActiveCfg = Release|Any CPU
		{CEBFFD77-1605-44AE-B06C-269F06C42D9A}.Release|Any CPU.Build.0 = Release|Any CPU
		{31FFC3FF-B963-4652-9110-361421799425}.Debug|Any CPU.ActiveCfg = Debug|Any CPU
		{31FFC3FF-B963-4652-9110-361421799425}.Debug|Any CPU.Build.0 = Debug|Any CPU
		{31FFC3FF-B963-4652-9110-361421799425}.Release|Any CPU.ActiveCfg = Release|Any CPU
		{31FFC3FF-B963-4652-9110-361421799425}.Release|Any CPU.Build.0 = Release|Any CPU
		{F904122A-4010-47BC-BCCF-7D59C0D9E205}.Debug|Any CPU.ActiveCfg = Debug|Any CPU
		{F904122A-4010-47BC-BCCF-7D59C0D9E205}.Debug|Any CPU.Build.0 = Debug|Any CPU
		{F904122A-4010-47BC-BCCF-7D59C0D9E205}.Release|Any CPU.ActiveCfg = Release|Any CPU
		{F904122A-4010-47BC-BCCF-7D59C0D9E205}.Release|Any CPU.Build.0 = Release|Any CPU
	EndGlobalSection
	GlobalSection(SolutionProperties) = preSolution
		HideSolutionNode = FALSE
	EndGlobalSection
EndGlobal
