
Microsoft Visual Studio Solution File, Format Version 12.00
# Visual Studio 15
VisualStudioVersion = 15.0.25722.2
MinimumVisualStudioVersion = 10.0.40219.1
Project("{FAE04EC0-301F-11D3-BF4B-00C04F79EFBC}") = "NameofExample", "NameofExample.csproj", "{ACC628CC-BAEB-406F-8864-569C3BD0B736}"
EndProject
Global
	GlobalSection(SolutionConfigurationPlatforms) = preSolution
		Debug|Any CPU = Debug|Any CPU
		Release|Any CPU = Release|Any CPU
	EndGlobalSection
	GlobalSection(ProjectConfigurationPlatforms) = postSolution
		{ACC628CC-BAEB-406F-8864-569C3BD0B736}.Debug|Any CPU.ActiveCfg = Debug|Any CPU
		{ACC628CC-BAEB-406F-8864-569C3BD0B736}.Debug|Any CPU.Build.0 = Debug|Any CPU
		{ACC628CC-BAEB-406F-8864-569C3BD0B736}.Release|Any CPU.ActiveCfg = Release|Any CPU
		{ACC628CC-BAEB-406F-8864-569C3BD0B736}.Release|Any CPU.Build.0 = Release|Any CPU
	EndGlobalSection
	GlobalSection(SolutionProperties) = preSolution
		HideSolutionNode = FALSE
	EndGlobalSection
EndGlobal
